// !$*UTF8*$!
{
	archiveVersion = 1;
	classes = {
	};
	objectVersion = 56;
	objects = {

/* Begin PBXBuildFile section */
		55D81EB32AD43B0A008E4220 /* SampleAppApp.swift in Sources */ = {isa = PBXBuildFile; fileRef = 55D81EB22AD43B0A008E4220 /* SampleAppApp.swift */; };
		55D81EB52AD43B0A008E4220 /* ContentView.swift in Sources */ = {isa = PBXBuildFile; fileRef = 55D81EB42AD43B0A008E4220 /* ContentView.swift */; };
		55D81EB72AD43B0B008E4220 /* Assets.xcassets in Resources */ = {isa = PBXBuildFile; fileRef = 55D81EB62AD43B0B008E4220 /* Assets.xcassets */; };
		55D81EBA2AD43B0B008E4220 /* Preview Assets.xcassets in Resources */ = {isa = PBXBuildFile; fileRef = 55D81EB92AD43B0B008E4220 /* Preview Assets.xcassets */; };
		55D81EC12AD448E8008E4220 /* StaticLib.xcframework in Frameworks */ = {isa = PBXBuildFile; fileRef = 55D81EC02AD448E8008E4220 /* StaticLib.xcframework */; };
		55D81ECB2AD45C0F008E4220 /* ContentView.swift in Sources */ = {isa = PBXBuildFile; fileRef = 55D81EB42AD43B0A008E4220 /* ContentView.swift */; };
		55D81ECC2AD45C0F008E4220 /* SampleAppApp.swift in Sources */ = {isa = PBXBuildFile; fileRef = 55D81EB22AD43B0A008E4220 /* SampleAppApp.swift */; };
		55D81ED02AD45C0F008E4220 /* Preview Assets.xcassets in Resources */ = {isa = PBXBuildFile; fileRef = 55D81EB92AD43B0B008E4220 /* Preview Assets.xcassets */; };
		55D81ED12AD45C0F008E4220 /* Assets.xcassets in Resources */ = {isa = PBXBuildFile; fileRef = 55D81EB62AD43B0B008E4220 /* Assets.xcassets */; };
		A770920DEA26CB7D538B7995 /* Pods_SampleApp_Pods.framework in Frameworks */ = {isa = PBXBuildFile; fileRef = 086F9DF451CD3EA164635F8C /* Pods_SampleApp_Pods.framework */; };
/* End PBXBuildFile section */

/* Begin PBXFileReference section */
		086F9DF451CD3EA164635F8C /* Pods_SampleApp_Pods.framework */ = {isa = PBXFileReference; explicitFileType = wrapper.framework; includeInIndex = 0; path = Pods_SampleApp_Pods.framework; sourceTree = BUILT_PRODUCTS_DIR; };
		55D81EAF2AD43B0A008E4220 /* SampleApp.app */ = {isa = PBXFileReference; explicitFileType = wrapper.application; includeInIndex = 0; path = SampleApp.app; sourceTree = BUILT_PRODUCTS_DIR; };
		55D81EB22AD43B0A008E4220 /* SampleAppApp.swift */ = {isa = PBXFileReference; lastKnownFileType = sourcecode.swift; path = SampleAppApp.swift; sourceTree = "<group>"; };
		55D81EB42AD43B0A008E4220 /* ContentView.swift */ = {isa = PBXFileReference; lastKnownFileType = sourcecode.swift; path = ContentView.swift; sourceTree = "<group>"; };
		55D81EB62AD43B0B008E4220 /* Assets.xcassets */ = {isa = PBXFileReference; lastKnownFileType = folder.assetcatalog; path = Assets.xcassets; sourceTree = "<group>"; };
		55D81EB92AD43B0B008E4220 /* Preview Assets.xcassets */ = {isa = PBXFileReference; lastKnownFileType = folder.assetcatalog; path = "Preview Assets.xcassets"; sourceTree = "<group>"; };
		55D81EC02AD448E8008E4220 /* StaticLib.xcframework */ = {isa = PBXFileReference; lastKnownFileType = wrapper.xcframework; path = StaticLib.xcframework; sourceTree = "<group>"; };
		55D81ED52AD45C0F008E4220 /* SampleApp-Pods.app */ = {isa = PBXFileReference; explicitFileType = wrapper.application; includeInIndex = 0; path = "SampleApp-Pods.app"; sourceTree = BUILT_PRODUCTS_DIR; };
		55E7E23C1AD6E3C4D098103A /* Pods-SampleApp-Pods.debug.xcconfig */ = {isa = PBXFileReference; includeInIndex = 1; lastKnownFileType = text.xcconfig; name = "Pods-SampleApp-Pods.debug.xcconfig"; path = "Target Support Files/Pods-SampleApp-Pods/Pods-SampleApp-Pods.debug.xcconfig"; sourceTree = "<group>"; };
		C2C0DE90B36CC6A8D41F67DF /* Pods-SampleApp-Pods.release.xcconfig */ = {isa = PBXFileReference; includeInIndex = 1; lastKnownFileType = text.xcconfig; name = "Pods-SampleApp-Pods.release.xcconfig"; path = "Target Support Files/Pods-SampleApp-Pods/Pods-SampleApp-Pods.release.xcconfig"; sourceTree = "<group>"; };
/* End PBXFileReference section */

/* Begin PBXFrameworksBuildPhase section */
		55D81EAC2AD43B0A008E4220 /* Frameworks */ = {
			isa = PBXFrameworksBuildPhase;
			buildActionMask = 2147483647;
			files = (
				55D81EC12AD448E8008E4220 /* StaticLib.xcframework in Frameworks */,
			);
			runOnlyForDeploymentPostprocessing = 0;
		};
		55D81ECD2AD45C0F008E4220 /* Frameworks */ = {
			isa = PBXFrameworksBuildPhase;
			buildActionMask = 2147483647;
			files = (
				A770920DEA26CB7D538B7995 /* Pods_SampleApp_Pods.framework in Frameworks */,
			);
			runOnlyForDeploymentPostprocessing = 0;
		};
/* End PBXFrameworksBuildPhase section */

/* Begin PBXGroup section */
		13472E4838EB01F46081BD19 /* Frameworks */ = {
			isa = PBXGroup;
			children = (
				086F9DF451CD3EA164635F8C /* Pods_SampleApp_Pods.framework */,
			);
			name = Frameworks;
			sourceTree = "<group>";
		};
		55D81EA62AD43B0A008E4220 = {
			isa = PBXGroup;
			children = (
				55D81EC02AD448E8008E4220 /* StaticLib.xcframework */,
				55D81EB12AD43B0A008E4220 /* SampleApp */,
				55D81EB02AD43B0A008E4220 /* Products */,
				626BAE1C66C8C7655FE8C87C /* Pods */,
				13472E4838EB01F46081BD19 /* Frameworks */,
			);
			sourceTree = "<group>";
		};
		55D81EB02AD43B0A008E4220 /* Products */ = {
			isa = PBXGroup;
			children = (
				55D81EAF2AD43B0A008E4220 /* SampleApp.app */,
				55D81ED52AD45C0F008E4220 /* SampleApp-Pods.app */,
			);
			name = Products;
			sourceTree = "<group>";
		};
		55D81EB12AD43B0A008E4220 /* SampleApp */ = {
			isa = PBXGroup;
			children = (
				55D81EB22AD43B0A008E4220 /* SampleAppApp.swift */,
				55D81EB42AD43B0A008E4220 /* ContentView.swift */,
				55D81EB62AD43B0B008E4220 /* Assets.xcassets */,
				55D81EB82AD43B0B008E4220 /* Preview Content */,
			);
			path = SampleApp;
			sourceTree = "<group>";
		};
		55D81EB82AD43B0B008E4220 /* Preview Content */ = {
			isa = PBXGroup;
			children = (
				55D81EB92AD43B0B008E4220 /* Preview Assets.xcassets */,
			);
			path = "Preview Content";
			sourceTree = "<group>";
		};
		626BAE1C66C8C7655FE8C87C /* Pods */ = {
			isa = PBXGroup;
			children = (
				55E7E23C1AD6E3C4D098103A /* Pods-SampleApp-Pods.debug.xcconfig */,
				C2C0DE90B36CC6A8D41F67DF /* Pods-SampleApp-Pods.release.xcconfig */,
			);
			path = Pods;
			sourceTree = "<group>";
		};
/* End PBXGroup section */

/* Begin PBXNativeTarget section */
		55D81EAE2AD43B0A008E4220 /* SampleApp */ = {
			isa = PBXNativeTarget;
			buildConfigurationList = 55D81EBD2AD43B0B008E4220 /* Build configuration list for PBXNativeTarget "SampleApp" */;
			buildPhases = (
				55D81EAB2AD43B0A008E4220 /* Sources */,
				55D81EAC2AD43B0A008E4220 /* Frameworks */,
				55D81EAD2AD43B0A008E4220 /* Resources */,
			);
			buildRules = (
			);
			dependencies = (
			);
			name = SampleApp;
			productName = SampleApp;
			productReference = 55D81EAF2AD43B0A008E4220 /* SampleApp.app */;
			productType = "com.apple.product-type.application";
		};
		55D81EC82AD45C0F008E4220 /* SampleApp-Pods */ = {
			isa = PBXNativeTarget;
			buildConfigurationList = 55D81ED22AD45C0F008E4220 /* Build configuration list for PBXNativeTarget "SampleApp-Pods" */;
			buildPhases = (
				E5739F35FB34E1C174484016 /* [CP] Check Pods Manifest.lock */,
				55D81EC92AD45C0F008E4220 /* Xcode 15 Workaround */,
				55D81ECA2AD45C0F008E4220 /* Sources */,
				55D81ECD2AD45C0F008E4220 /* Frameworks */,
				55D81ECF2AD45C0F008E4220 /* Resources */,
			);
			buildRules = (
			);
			dependencies = (
			);
			name = "SampleApp-Pods";
			productName = SampleApp;
			productReference = 55D81ED52AD45C0F008E4220 /* SampleApp-Pods.app */;
			productType = "com.apple.product-type.application";
		};
/* End PBXNativeTarget section */

/* Begin PBXProject section */
		55D81EA72AD43B0A008E4220 /* Project object */ = {
			isa = PBXProject;
			attributes = {
				BuildIndependentTargetsInParallel = 1;
				LastSwiftUpdateCheck = 1500;
				LastUpgradeCheck = 1500;
				TargetAttributes = {
					55D81EAE2AD43B0A008E4220 = {
						CreatedOnToolsVersion = 15.0;
					};
				};
			};
			buildConfigurationList = 55D81EAA2AD43B0A008E4220 /* Build configuration list for PBXProject "SampleApp" */;
			compatibilityVersion = "Xcode 14.0";
			developmentRegion = en;
			hasScannedForEncodings = 0;
			knownRegions = (
				en,
				Base,
			);
			mainGroup = 55D81EA62AD43B0A008E4220;
			productRefGroup = 55D81EB02AD43B0A008E4220 /* Products */;
			projectDirPath = "";
			projectRoot = "";
			targets = (
				55D81EAE2AD43B0A008E4220 /* SampleApp */,
				55D81EC82AD45C0F008E4220 /* SampleApp-Pods */,
			);
		};
/* End PBXProject section */

/* Begin PBXResourcesBuildPhase section */
		55D81EAD2AD43B0A008E4220 /* Resources */ = {
			isa = PBXResourcesBuildPhase;
			buildActionMask = 2147483647;
			files = (
				55D81EBA2AD43B0B008E4220 /* Preview Assets.xcassets in Resources */,
				55D81EB72AD43B0B008E4220 /* Assets.xcassets in Resources */,
			);
			runOnlyForDeploymentPostprocessing = 0;
		};
		55D81ECF2AD45C0F008E4220 /* Resources */ = {
			isa = PBXResourcesBuildPhase;
			buildActionMask = 2147483647;
			files = (
				55D81ED02AD45C0F008E4220 /* Preview Assets.xcassets in Resources */,
				55D81ED12AD45C0F008E4220 /* Assets.xcassets in Resources */,
			);
			runOnlyForDeploymentPostprocessing = 0;
		};
/* End PBXResourcesBuildPhase section */

/* Begin PBXShellScriptBuildPhase section */
		55D81EC92AD45C0F008E4220 /* Xcode 15 Workaround */ = {
			isa = PBXShellScriptBuildPhase;
			alwaysOutOfDate = 1;
			buildActionMask = 2147483647;
			files = (
			);
			inputFileListPaths = (
			);
			inputPaths = (
			);
			name = "Xcode 15 Workaround";
			outputFileListPaths = (
			);
			outputPaths = (
				"${PODS_XCFRAMEWORKS_BUILD_DIR}/StaticLib/libStaticLib.a",
			);
			runOnlyForDeploymentPostprocessing = 0;
			shellPath = /bin/sh;
			shellScript = "# This prevents Xcode 15 Beta from failing with error\n# \"Build input file cannot be found: \n#'/BuildProductsPath/Release-iphoneos/XCFrameworkIntermediates/StaticLib/libStaticLib.a'.\"\n";
			showEnvVarsInLog = 0;
		};
		E5739F35FB34E1C174484016 /* [CP] Check Pods Manifest.lock */ = {
			isa = PBXShellScriptBuildPhase;
			buildActionMask = 2147483647;
			files = (
			);
			inputFileListPaths = (
			);
			inputPaths = (
				"${PODS_PODFILE_DIR_PATH}/Podfile.lock",
				"${PODS_ROOT}/Manifest.lock",
			);
			name = "[CP] Check Pods Manifest.lock";
			outputFileListPaths = (
			);
			outputPaths = (
				"$(DERIVED_FILE_DIR)/Pods-SampleApp-Pods-checkManifestLockResult.txt",
			);
			runOnlyForDeploymentPostprocessing = 0;
			shellPath = /bin/sh;
			shellScript = "diff \"${PODS_PODFILE_DIR_PATH}/Podfile.lock\" \"${PODS_ROOT}/Manifest.lock\" > /dev/null\nif [ $? != 0 ] ; then\n    # print error to STDERR\n    echo \"error: The sandbox is not in sync with the Podfile.lock. Run 'pod install' or update your CocoaPods installation.\" >&2\n    exit 1\nfi\n# This output is used by Xcode 'outputs' to avoid re-running this script phase.\necho \"SUCCESS\" > \"${SCRIPT_OUTPUT_FILE_0}\"\n";
			showEnvVarsInLog = 0;
		};
/* End PBXShellScriptBuildPhase section */

/* Begin PBXSourcesBuildPhase section */
		55D81EAB2AD43B0A008E4220 /* Sources */ = {
			isa = PBXSourcesBuildPhase;
			buildActionMask = 2147483647;
			files = (
				55D81EB52AD43B0A008E4220 /* ContentView.swift in Sources */,
				55D81EB32AD43B0A008E4220 /* SampleAppApp.swift in Sources */,
			);
			runOnlyForDeploymentPostprocessing = 0;
		};
		55D81ECA2AD45C0F008E4220 /* Sources */ = {
			isa = PBXSourcesBuildPhase;
			buildActionMask = 2147483647;
			files = (
				55D81ECB2AD45C0F008E4220 /* ContentView.swift in Sources */,
				55D81ECC2AD45C0F008E4220 /* SampleAppApp.swift in Sources */,
			);
			runOnlyForDeploymentPostprocessing = 0;
		};
/* End PBXSourcesBuildPhase section */

/* Begin XCBuildConfiguration section */
		55D81EBB2AD43B0B008E4220 /* Debug */ = {
			isa = XCBuildConfiguration;
			buildSettings = {
				ALWAYS_SEARCH_USER_PATHS = NO;
				ASSETCATALOG_COMPILER_GENERATE_SWIFT_ASSET_SYMBOL_EXTENSIONS = YES;
				CLANG_ANALYZER_NONNULL = YES;
				CLANG_ANALYZER_NUMBER_OBJECT_CONVERSION = YES_AGGRESSIVE;
				CLANG_CXX_LANGUAGE_STANDARD = "gnu++20";
				CLANG_ENABLE_MODULES = YES;
				CLANG_ENABLE_OBJC_ARC = YES;
				CLANG_ENABLE_OBJC_WEAK = YES;
				CLANG_WARN_BLOCK_CAPTURE_AUTORELEASING = YES;
				CLANG_WARN_BOOL_CONVERSION = YES;
				CLANG_WARN_COMMA = YES;
				CLANG_WARN_CONSTANT_CONVERSION = YES;
				CLANG_WARN_DEPRECATED_OBJC_IMPLEMENTATIONS = YES;
				CLANG_WARN_DIRECT_OBJC_ISA_USAGE = YES_ERROR;
				CLANG_WARN_DOCUMENTATION_COMMENTS = YES;
				CLANG_WARN_EMPTY_BODY = YES;
				CLANG_WARN_ENUM_CONVERSION = YES;
				CLANG_WARN_INFINITE_RECURSION = YES;
				CLANG_WARN_INT_CONVERSION = YES;
				CLANG_WARN_NON_LITERAL_NULL_CONVERSION = YES;
				CLANG_WARN_OBJC_IMPLICIT_RETAIN_SELF = YES;
				CLANG_WARN_OBJC_LITERAL_CONVERSION = YES;
				CLANG_WARN_OBJC_ROOT_CLASS = YES_ERROR;
				CLANG_WARN_QUOTED_INCLUDE_IN_FRAMEWORK_HEADER = YES;
				CLANG_WARN_RANGE_LOOP_ANALYSIS = YES;
				CLANG_WARN_STRICT_PROTOTYPES = YES;
				CLANG_WARN_SUSPICIOUS_MOVE = YES;
				CLANG_WARN_UNGUARDED_AVAILABILITY = YES_AGGRESSIVE;
				CLANG_WARN_UNREACHABLE_CODE = YES;
				CLANG_WARN__DUPLICATE_METHOD_MATCH = YES;
				COPY_PHASE_STRIP = NO;
				DEBUG_INFORMATION_FORMAT = dwarf;
				ENABLE_STRICT_OBJC_MSGSEND = YES;
				ENABLE_TESTABILITY = YES;
				ENABLE_USER_SCRIPT_SANDBOXING = YES;
				GCC_C_LANGUAGE_STANDARD = gnu17;
				GCC_DYNAMIC_NO_PIC = NO;
				GCC_NO_COMMON_BLOCKS = YES;
				GCC_OPTIMIZATION_LEVEL = 0;
				GCC_PREPROCESSOR_DEFINITIONS = (
					"DEBUG=1",
					"$(inherited)",
				);
				GCC_WARN_64_TO_32_BIT_CONVERSION = YES;
				GCC_WARN_ABOUT_RETURN_TYPE = YES_ERROR;
				GCC_WARN_UNDECLARED_SELECTOR = YES;
				GCC_WARN_UNINITIALIZED_AUTOS = YES_AGGRESSIVE;
				GCC_WARN_UNUSED_FUNCTION = YES;
				GCC_WARN_UNUSED_VARIABLE = YES;
				IPHONEOS_DEPLOYMENT_TARGET = 17.0;
				LOCALIZATION_PREFERS_STRING_CATALOGS = YES;
				MTL_ENABLE_DEBUG_INFO = INCLUDE_SOURCE;
				MTL_FAST_MATH = YES;
				ONLY_ACTIVE_ARCH = YES;
				SDKROOT = iphoneos;
				SWIFT_ACTIVE_COMPILATION_CONDITIONS = "DEBUG $(inherited)";
				SWIFT_OPTIMIZATION_LEVEL = "-Onone";
			};
			name = Debug;
		};
		55D81EBC2AD43B0B008E4220 /* Release */ = {
			isa = XCBuildConfiguration;
			buildSettings = {
				ALWAYS_SEARCH_USER_PATHS = NO;
				ASSETCATALOG_COMPILER_GENERATE_SWIFT_ASSET_SYMBOL_EXTENSIONS = YES;
				CLANG_ANALYZER_NONNULL = YES;
				CLANG_ANALYZER_NUMBER_OBJECT_CONVERSION = YES_AGGRESSIVE;
				CLANG_CXX_LANGUAGE_STANDARD = "gnu++20";
				CLANG_ENABLE_MODULES = YES;
				CLANG_ENABLE_OBJC_ARC = YES;
				CLANG_ENABLE_OBJC_WEAK = YES;
				CLANG_WARN_BLOCK_CAPTURE_AUTORELEASING = YES;
				CLANG_WARN_BOOL_CONVERSION = YES;
				CLANG_WARN_COMMA = YES;
				CLANG_WARN_CONSTANT_CONVERSION = YES;
				CLANG_WARN_DEPRECATED_OBJC_IMPLEMENTATIONS = YES;
				CLANG_WARN_DIRECT_OBJC_ISA_USAGE = YES_ERROR;
				CLANG_WARN_DOCUMENTATION_COMMENTS = YES;
				CLANG_WARN_EMPTY_BODY = YES;
				CLANG_WARN_ENUM_CONVERSION = YES;
				CLANG_WARN_INFINITE_RECURSION = YES;
				CLANG_WARN_INT_CONVERSION = YES;
				CLANG_WARN_NON_LITERAL_NULL_CONVERSION = YES;
				CLANG_WARN_OBJC_IMPLICIT_RETAIN_SELF = YES;
				CLANG_WARN_OBJC_LITERAL_CONVERSION = YES;
				CLANG_WARN_OBJC_ROOT_CLASS = YES_ERROR;
				CLANG_WARN_QUOTED_INCLUDE_IN_FRAMEWORK_HEADER = YES;
				CLANG_WARN_RANGE_LOOP_ANALYSIS = YES;
				CLANG_WARN_STRICT_PROTOTYPES = YES;
				CLANG_WARN_SUSPICIOUS_MOVE = YES;
				CLANG_WARN_UNGUARDED_AVAILABILITY = YES_AGGRESSIVE;
				CLANG_WARN_UNREACHABLE_CODE = YES;
				CLANG_WARN__DUPLICATE_METHOD_MATCH = YES;
				COPY_PHASE_STRIP = NO;
				DEBUG_INFORMATION_FORMAT = "dwarf-with-dsym";
				ENABLE_NS_ASSERTIONS = NO;
				ENABLE_STRICT_OBJC_MSGSEND = YES;
				ENABLE_USER_SCRIPT_SANDBOXING = YES;
				GCC_C_LANGUAGE_STANDARD = gnu17;
				GCC_NO_COMMON_BLOCKS = YES;
				GCC_WARN_64_TO_32_BIT_CONVERSION = YES;
				GCC_WARN_ABOUT_RETURN_TYPE = YES_ERROR;
				GCC_WARN_UNDECLARED_SELECTOR = YES;
				GCC_WARN_UNINITIALIZED_AUTOS = YES_AGGRESSIVE;
				GCC_WARN_UNUSED_FUNCTION = YES;
				GCC_WARN_UNUSED_VARIABLE = YES;
				IPHONEOS_DEPLOYMENT_TARGET = 17.0;
				LOCALIZATION_PREFERS_STRING_CATALOGS = YES;
				MTL_ENABLE_DEBUG_INFO = NO;
				MTL_FAST_MATH = YES;
				SDKROOT = iphoneos;
				SWIFT_COMPILATION_MODE = wholemodule;
				VALIDATE_PRODUCT = YES;
			};
			name = Release;
		};
		55D81EBE2AD43B0B008E4220 /* Debug */ = {
			isa = XCBuildConfiguration;
			buildSettings = {
				ASSETCATALOG_COMPILER_APPICON_NAME = AppIcon;
				ASSETCATALOG_COMPILER_GLOBAL_ACCENT_COLOR_NAME = AccentColor;
				CODE_SIGN_STYLE = Automatic;
				CURRENT_PROJECT_VERSION = 1;
				DEVELOPMENT_ASSET_PATHS = "\"SampleApp/Preview Content\"";
				ENABLE_PREVIEWS = YES;
				GENERATE_INFOPLIST_FILE = YES;
				INFOPLIST_KEY_UIApplicationSceneManifest_Generation = YES;
				INFOPLIST_KEY_UIApplicationSupportsIndirectInputEvents = YES;
				INFOPLIST_KEY_UILaunchScreen_Generation = YES;
				INFOPLIST_KEY_UISupportedInterfaceOrientations_iPad = "UIInterfaceOrientationPortrait UIInterfaceOrientationPortraitUpsideDown UIInterfaceOrientationLandscapeLeft UIInterfaceOrientationLandscapeRight";
				INFOPLIST_KEY_UISupportedInterfaceOrientations_iPhone = "UIInterfaceOrientationPortrait UIInterfaceOrientationLandscapeLeft UIInterfaceOrientationLandscapeRight";
				LD_RUNPATH_SEARCH_PATHS = (
					"$(inherited)",
					"@executable_path/Frameworks",
				);
				MARKETING_VERSION = 1.0;
				OTHER_LDFLAGS = (
					"$(inherited)",
					"-force_load",
					"$(BUILT_PRODUCTS_DIR)/libStaticLib.a",
				);
				PRODUCT_BUNDLE_IDENTIFIER = com.setapp.SampleApp;
				PRODUCT_NAME = "$(TARGET_NAME)";
				SWIFT_EMIT_LOC_STRINGS = YES;
				SWIFT_VERSION = 5.0;
				TARGETED_DEVICE_FAMILY = "1,2";
			};
			name = Debug;
		};
		55D81EBF2AD43B0B008E4220 /* Release */ = {
			isa = XCBuildConfiguration;
			buildSettings = {
				ASSETCATALOG_COMPILER_APPICON_NAME = AppIcon;
				ASSETCATALOG_COMPILER_GLOBAL_ACCENT_COLOR_NAME = AccentColor;
				CODE_SIGN_STYLE = Automatic;
				CURRENT_PROJECT_VERSION = 1;
				DEVELOPMENT_ASSET_PATHS = "\"SampleApp/Preview Content\"";
				ENABLE_PREVIEWS = YES;
				GENERATE_INFOPLIST_FILE = YES;
				INFOPLIST_KEY_UIApplicationSceneManifest_Generation = YES;
				INFOPLIST_KEY_UIApplicationSupportsIndirectInputEvents = YES;
				INFOPLIST_KEY_UILaunchScreen_Generation = YES;
				INFOPLIST_KEY_UISupportedInterfaceOrientations_iPad = "UIInterfaceOrientationPortrait UIInterfaceOrientationPortraitUpsideDown UIInterfaceOrientationLandscapeLeft UIInterfaceOrientationLandscapeRight";
				INFOPLIST_KEY_UISupportedInterfaceOrientations_iPhone = "UIInterfaceOrientationPortrait UIInterfaceOrientationLandscapeLeft UIInterfaceOrientationLandscapeRight";
				LD_RUNPATH_SEARCH_PATHS = (
					"$(inherited)",
					"@executable_path/Frameworks",
				);
				MARKETING_VERSION = 1.0;
				OTHER_LDFLAGS = (
					"$(inherited)",
					"-force_load",
					"$(BUILT_PRODUCTS_DIR)/libStaticLib.a",
				);
				PRODUCT_BUNDLE_IDENTIFIER = com.setapp.SampleApp;
				PRODUCT_NAME = "$(TARGET_NAME)";
				SWIFT_EMIT_LOC_STRINGS = YES;
				SWIFT_VERSION = 5.0;
				TARGETED_DEVICE_FAMILY = "1,2";
			};
			name = Release;
		};
		55D81ED32AD45C0F008E4220 /* Debug */ = {
			isa = XCBuildConfiguration;
			baseConfigurationReference = 55E7E23C1AD6E3C4D098103A /* Pods-SampleApp-Pods.debug.xcconfig */;
			buildSettings = {
				ASSETCATALOG_COMPILER_APPICON_NAME = AppIcon;
				ASSETCATALOG_COMPILER_GLOBAL_ACCENT_COLOR_NAME = AccentColor;
				CODE_SIGN_STYLE = Automatic;
				CURRENT_PROJECT_VERSION = 1;
				DEVELOPMENT_ASSET_PATHS = "\"SampleApp/Preview Content\"";
				ENABLE_PREVIEWS = YES;
				GENERATE_INFOPLIST_FILE = YES;
				INFOPLIST_KEY_UIApplicationSceneManifest_Generation = YES;
				INFOPLIST_KEY_UIApplicationSupportsIndirectInputEvents = YES;
				INFOPLIST_KEY_UILaunchScreen_Generation = YES;
				INFOPLIST_KEY_UISupportedInterfaceOrientations_iPad = "UIInterfaceOrientationPortrait UIInterfaceOrientationPortraitUpsideDown UIInterfaceOrientationLandscapeLeft UIInterfaceOrientationLandscapeRight";
				INFOPLIST_KEY_UISupportedInterfaceOrientations_iPhone = "UIInterfaceOrientationPortrait UIInterfaceOrientationLandscapeLeft UIInterfaceOrientationLandscapeRight";
				LD_RUNPATH_SEARCH_PATHS = (
					"$(inherited)",
					"@executable_path/Frameworks",
				);
				MARKETING_VERSION = 1.0;
				PRODUCT_BUNDLE_IDENTIFIER = com.setapp.SampleApp;
				PRODUCT_NAME = "$(TARGET_NAME)";
				SWIFT_EMIT_LOC_STRINGS = YES;
				SWIFT_VERSION = 5.0;
				TARGETED_DEVICE_FAMILY = "1,2";
			};
			name = Debug;
		};
		55D81ED42AD45C0F008E4220 /* Release */ = {
			isa = XCBuildConfiguration;
			baseConfigurationReference = C2C0DE90B36CC6A8D41F67DF /* Pods-SampleApp-Pods.release.xcconfig */;
			buildSettings = {
				ASSETCATALOG_COMPILER_APPICON_NAME = AppIcon;
				ASSETCATALOG_COMPILER_GLOBAL_ACCENT_COLOR_NAME = AccentColor;
				CODE_SIGN_STYLE = Automatic;
				CURRENT_PROJECT_VERSION = 1;
				DEVELOPMENT_ASSET_PATHS = "\"SampleApp/Preview Content\"";
				ENABLE_PREVIEWS = YES;
				GENERATE_INFOPLIST_FILE = YES;
				INFOPLIST_KEY_UIApplicationSceneManifest_Generation = YES;
				INFOPLIST_KEY_UIApplicationSupportsIndirectInputEvents = YES;
				INFOPLIST_KEY_UILaunchScreen_Generation = YES;
				INFOPLIST_KEY_UISupportedInterfaceOrientations_iPad = "UIInterfaceOrientationPortrait UIInterfaceOrientationPortraitUpsideDown UIInterfaceOrientationLandscapeLeft UIInterfaceOrientationLandscapeRight";
				INFOPLIST_KEY_UISupportedInterfaceOrientations_iPhone = "UIInterfaceOrientationPortrait UIInterfaceOrientationLandscapeLeft UIInterfaceOrientationLandscapeRight";
				LD_RUNPATH_SEARCH_PATHS = (
					"$(inherited)",
					"@executable_path/Frameworks",
				);
				MARKETING_VERSION = 1.0;
				PRODUCT_BUNDLE_IDENTIFIER = com.setapp.SampleApp;
				PRODUCT_NAME = "$(TARGET_NAME)";
				SWIFT_EMIT_LOC_STRINGS = YES;
				SWIFT_VERSION = 5.0;
				TARGETED_DEVICE_FAMILY = "1,2";
			};
			name = Release;
		};
/* End XCBuildConfiguration section */

/* Begin XCConfigurationList section */
		55D81EAA2AD43B0A008E4220 /* Build configuration list for PBXProject "SampleApp" */ = {
			isa = XCConfigurationList;
			buildConfigurations = (
				55D81EBB2AD43B0B008E4220 /* Debug */,
				55D81EBC2AD43B0B008E4220 /* Release */,
			);
			defaultConfigurationIsVisible = 0;
			defaultConfigurationName = Release;
		};
		55D81EBD2AD43B0B008E4220 /* Build configuration list for PBXNativeTarget "SampleApp" */ = {
			isa = XCConfigurationList;
			buildConfigurations = (
				55D81EBE2AD43B0B008E4220 /* Debug */,
				55D81EBF2AD43B0B008E4220 /* Release */,
			);
			defaultConfigurationIsVisible = 0;
			defaultConfigurationName = Release;
		};
		55D81ED22AD45C0F008E4220 /* Build configuration list for PBXNativeTarget "SampleApp-Pods" */ = {
			isa = XCConfigurationList;
			buildConfigurations = (
				55D81ED32AD45C0F008E4220 /* Debug */,
				55D81ED42AD45C0F008E4220 /* Release */,
			);
			defaultConfigurationIsVisible = 0;
			defaultConfigurationName = Release;
		};
/* End XCConfigurationList section */
	};
	rootObject = 55D81EA72AD43B0A008E4220 /* Project object */;
}
